
Microsoft Visual Studio Solution File, Format Version 12.00
# Visual Studio Version 16
VisualStudioVersion = 16.0.32106.194
MinimumVisualStudioVersion = 10.0.40219.1
Project("{9A19103F-16F7-4668-BE54-9A1E7A4F7556}") = "Yess Express - Desktop App", "Yess Express - Desktop App\Yess Express - Desktop App.csproj", "{5959A28A-C14D-4200-A29C-3F7FD4E9163E}"
EndProject
Project("{54435603-DBB4-11D2-8724-00A0C9A8B90C}") = "SetupProject", "SetupProject\SetupProject.vdproj", "{F2593D06-F6A8-48D7-AC2D-0E6717B8E290}"
EndProject
Global
	GlobalSection(SolutionConfigurationPlatforms) = preSolution
		Debug|Any CPU = Debug|Any CPU
		Release|Any CPU = Release|Any CPU
	EndGlobalSection
	GlobalSection(ProjectConfigurationPlatforms) = postSolution
		{5959A28A-C14D-4200-A29C-3F7FD4E9163E}.Debug|Any CPU.ActiveCfg = Release|Any CPU
		{5959A28A-C14D-4200-A29C-3F7FD4E9163E}.Debug|Any CPU.Build.0 = Release|Any CPU
		{5959A28A-C14D-4200-A29C-3F7FD4E9163E}.Release|Any CPU.ActiveCfg = Release|Any CPU
		{5959A28A-C14D-4200-A29C-3F7FD4E9163E}.Release|Any CPU.Build.0 = Release|Any CPU
		{F2593D06-F6A8-48D7-AC2D-0E6717B8E290}.Debug|Any CPU.ActiveCfg = Debug
		{F2593D06-F6A8-48D7-AC2D-0E6717B8E290}.Release|Any CPU.ActiveCfg = Release
	EndGlobalSection
	GlobalSection(SolutionProperties) = preSolution
		HideSolutionNode = FALSE
	EndGlobalSection
	GlobalSection(ExtensibilityGlobals) = postSolution
		SolutionGuid = {C7F3E0E1-59F2-4B89-803A-51A05311089F}
	EndGlobalSection
EndGlobal
